
Microsoft Visual Studio Solution File, Format Version 10.00
# Visual Studio 2008
Project("{8BC9CEB8-8B4A-11D0-8D11-00A0C91BC942}") = "PC_Twilight", "PC_Twilight\PC_Twilight.vcproj", "{D74B47DA-9C9B-4C32-9F91-B03E12C2573C}"
EndProject
Global
	GlobalSection(SolutionConfigurationPlatforms) = preSolution
		Debug|Win32 = Debug|Win32
		Release|Win32 = Release|Win32
	EndGlobalSection
	GlobalSection(ProjectConfigurationPlatforms) = postSolution
		{D74B47DA-9C9B-4C32-9F91-B03E12C2573C}.Debug|Win32.ActiveCfg = Release|Win32
		{D74B47DA-9C9B-4C32-9F91-B03E12C2573C}.Debug|Win32.Build.0 = Release|Win32
		{D74B47DA-9C9B-4C32-9F91-B03E12C2573C}.Release|Win32.ActiveCfg = Release|Win32
		{D74B47DA-9C9B-4C32-9F91-B03E12C2573C}.Release|Win32.Build.0 = Release|Win32
	EndGlobalSection
	GlobalSection(SolutionProperties) = preSolution
		HideSolutionNode = FALSE
	EndGlobalSection
EndGlobal
